
Microsoft Visual Studio Solution File, Format Version 12.00
# Visual Studio Version 17
VisualStudioVersion = 17.13.35919.96
MinimumVisualStudioVersion = 10.0.40219.1
Project("{8BC9CEB8-8B4A-11D0-8D11-00A0C91BC942}") = "STR", "STR.vcxproj", "{0EF4A764-77F3-4228-B7F0-5DDB7463E720}"
EndProject
Project("{8BC9CEB8-8B4A-11D0-8D11-00A0C91BC942}") = "Class1th (Single Linked List)", "..\Class1th (Single Linked List)\Class1th (Single Linked List).vcxproj", "{E4A4AAB0-3B9F-4C87-A23C-653CC911CF0B}"
EndProject
Project("{8BC9CEB8-8B4A-11D0-8D11-00A0C91BC942}") = "Class2th", "..\Class2th\Class2th.vcxproj", "{594ECD4B-1E25-40E9-A68A-328970202782}"
EndProject
Project("{8BC9CEB8-8B4A-11D0-8D11-00A0C91BC942}") = "Class3th", "..\Class 3th\Class 3th.vcxproj", "{E665999F-77B4-4977-8F36-F96A9ED1FFED}"
EndProject
Project("{8BC9CEB8-8B4A-11D0-8D11-00A0C91BC942}") = "Class4th vector", "..\Class 4th vector\Class 4th vector.vcxproj", "{BB304396-7E6A-47FB-BD44-0FD27D05527B}"
EndProject
Project("{8BC9CEB8-8B4A-11D0-8D11-00A0C91BC942}") = "Class5th", "..\Class5th\Class5th.vcxproj", "{AEB412DE-A5E6-4211-B261-C5A0A4CD1708}"
EndProject
Project("{8BC9CEB8-8B4A-11D0-8D11-00A0C91BC942}") = "Class6th", "..\Class6th\Class6th.vcxproj", "{C85CC462-2C3C-40DA-859B-0563610BC54F}"
EndProject
Project("{8BC9CEB8-8B4A-11D0-8D11-00A0C91BC942}") = "Class7th", "..\Class7th\Class7th.vcxproj", "{9CD2E60E-E114-4499-822D-0C85101C20E1}"
EndProject
Project("{8BC9CEB8-8B4A-11D0-8D11-00A0C91BC942}") = "Class8th", "..\Class8th\Class8th.vcxproj", "{0CAD873B-43B7-45DC-887E-2CC59EB35429}"
EndProject
Project("{8BC9CEB8-8B4A-11D0-8D11-00A0C91BC942}") = "Class9th", "..\Class9th\Class9th.vcxproj", "{086B0FB7-96D8-4C13-901E-E3AD2F1AB212}"
EndProject
Project("{8BC9CEB8-8B4A-11D0-8D11-00A0C91BC942}") = "Class10th", "..\Class10th\Class10th.vcxproj", "{8A553A88-A0D0-4789-93A4-C603D99BA14D}"
EndProject
Global
	GlobalSection(SolutionConfigurationPlatforms) = preSolution
		Debug|x64 = Debug|x64
		Debug|x86 = Debug|x86
		Release|x64 = Release|x64
		Release|x86 = Release|x86
	EndGlobalSection
	GlobalSection(ProjectConfigurationPlatforms) = postSolution
		{0EF4A764-77F3-4228-B7F0-5DDB7463E720}.Debug|x64.ActiveCfg = Debug|x64
		{0EF4A764-77F3-4228-B7F0-5DDB7463E720}.Debug|x64.Build.0 = Debug|x64
		{0EF4A764-77F3-4228-B7F0-5DDB7463E720}.Debug|x86.ActiveCfg = Debug|Win32
		{0EF4A764-77F3-4228-B7F0-5DDB7463E720}.Debug|x86.Build.0 = Debug|Win32
		{0EF4A764-77F3-4228-B7F0-5DDB7463E720}.Release|x64.ActiveCfg = Release|x64
		{0EF4A764-77F3-4228-B7F0-5DDB7463E720}.Release|x64.Build.0 = Release|x64
		{0EF4A764-77F3-4228-B7F0-5DDB7463E720}.Release|x86.ActiveCfg = Release|Win32
		{0EF4A764-77F3-4228-B7F0-5DDB7463E720}.Release|x86.Build.0 = Release|Win32
		{E4A4AAB0-3B9F-4C87-A23C-653CC911CF0B}.Debug|x64.ActiveCfg = Debug|x64
		{E4A4AAB0-3B9F-4C87-A23C-653CC911CF0B}.Debug|x64.Build.0 = Debug|x64
		{E4A4AAB0-3B9F-4C87-A23C-653CC911CF0B}.Debug|x86.ActiveCfg = Debug|Win32
		{E4A4AAB0-3B9F-4C87-A23C-653CC911CF0B}.Debug|x86.Build.0 = Debug|Win32
		{E4A4AAB0-3B9F-4C87-A23C-653CC911CF0B}.Release|x64.ActiveCfg = Release|x64
		{E4A4AAB0-3B9F-4C87-A23C-653CC911CF0B}.Release|x64.Build.0 = Release|x64
		{E4A4AAB0-3B9F-4C87-A23C-653CC911CF0B}.Release|x86.ActiveCfg = Release|Win32
		{E4A4AAB0-3B9F-4C87-A23C-653CC911CF0B}.Release|x86.Build.0 = Release|Win32
		{594ECD4B-1E25-40E9-A68A-328970202782}.Debug|x64.ActiveCfg = Debug|x64
		{594ECD4B-1E25-40E9-A68A-328970202782}.Debug|x64.Build.0 = Debug|x64
		{594ECD4B-1E25-40E9-A68A-328970202782}.Debug|x86.ActiveCfg = Debug|Win32
		{594ECD4B-1E25-40E9-A68A-328970202782}.Debug|x86.Build.0 = Debug|Win32
		{594ECD4B-1E25-40E9-A68A-328970202782}.Release|x64.ActiveCfg = Release|x64
		{594ECD4B-1E25-40E9-A68A-328970202782}.Release|x64.Build.0 = Release|x64
		{594ECD4B-1E25-40E9-A68A-328970202782}.Release|x86.ActiveCfg = Release|Win32
		{594ECD4B-1E25-40E9-A68A-328970202782}.Release|x86.Build.0 = Release|Win32
		{E665999F-77B4-4977-8F36-F96A9ED1FFED}.Debug|x64.ActiveCfg = Debug|x64
		{E665999F-77B4-4977-8F36-F96A9ED1FFED}.Debug|x64.Build.0 = Debug|x64
		{E665999F-77B4-4977-8F36-F96A9ED1FFED}.Debug|x86.ActiveCfg = Debug|Win32
		{E665999F-77B4-4977-8F36-F96A9ED1FFED}.Debug|x86.Build.0 = Debug|Win32
		{E665999F-77B4-4977-8F36-F96A9ED1FFED}.Release|x64.ActiveCfg = Release|x64
		{E665999F-77B4-4977-8F36-F96A9ED1FFED}.Release|x64.Build.0 = Release|x64
		{E665999F-77B4-4977-8F36-F96A9ED1FFED}.Release|x86.ActiveCfg = Release|Win32
		{E665999F-77B4-4977-8F36-F96A9ED1FFED}.Release|x86.Build.0 = Release|Win32
		{BB304396-7E6A-47FB-BD44-0FD27D05527B}.Debug|x64.ActiveCfg = Debug|x64
		{BB304396-7E6A-47FB-BD44-0FD27D05527B}.Debug|x64.Build.0 = Debug|x64
		{BB304396-7E6A-47FB-BD44-0FD27D05527B}.Debug|x86.ActiveCfg = Debug|Win32
		{BB304396-7E6A-47FB-BD44-0FD27D05527B}.Debug|x86.Build.0 = Debug|Win32
		{BB304396-7E6A-47FB-BD44-0FD27D05527B}.Release|x64.ActiveCfg = Release|x64
		{BB304396-7E6A-47FB-BD44-0FD27D05527B}.Release|x64.Build.0 = Release|x64
		{BB304396-7E6A-47FB-BD44-0FD27D05527B}.Release|x86.ActiveCfg = Release|Win32
		{BB304396-7E6A-47FB-BD44-0FD27D05527B}.Release|x86.Build.0 = Release|Win32
		{AEB412DE-A5E6-4211-B261-C5A0A4CD1708}.Debug|x64.ActiveCfg = Debug|x64
		{AEB412DE-A5E6-4211-B261-C5A0A4CD1708}.Debug|x64.Build.0 = Debug|x64
		{AEB412DE-A5E6-4211-B261-C5A0A4CD1708}.Debug|x86.ActiveCfg = Debug|Win32
		{AEB412DE-A5E6-4211-B261-C5A0A4CD1708}.Debug|x86.Build.0 = Debug|Win32
		{AEB412DE-A5E6-4211-B261-C5A0A4CD1708}.Release|x64.ActiveCfg = Release|x64
		{AEB412DE-A5E6-4211-B261-C5A0A4CD1708}.Release|x64.Build.0 = Release|x64
		{AEB412DE-A5E6-4211-B261-C5A0A4CD1708}.Release|x86.ActiveCfg = Release|Win32
		{AEB412DE-A5E6-4211-B261-C5A0A4CD1708}.Release|x86.Build.0 = Release|Win32
		{C85CC462-2C3C-40DA-859B-0563610BC54F}.Debug|x64.ActiveCfg = Debug|x64
		{C85CC462-2C3C-40DA-859B-0563610BC54F}.Debug|x64.Build.0 = Debug|x64
		{C85CC462-2C3C-40DA-859B-0563610BC54F}.Debug|x86.ActiveCfg = Debug|Win32
		{C85CC462-2C3C-40DA-859B-0563610BC54F}.Debug|x86.Build.0 = Debug|Win32
		{C85CC462-2C3C-40DA-859B-0563610BC54F}.Release|x64.ActiveCfg = Release|x64
		{C85CC462-2C3C-40DA-859B-0563610BC54F}.Release|x64.Build.0 = Release|x64
		{C85CC462-2C3C-40DA-859B-0563610BC54F}.Release|x86.ActiveCfg = Release|Win32
		{C85CC462-2C3C-40DA-859B-0563610BC54F}.Release|x86.Build.0 = Release|Win32
		{9CD2E60E-E114-4499-822D-0C85101C20E1}.Debug|x64.ActiveCfg = Debug|x64
		{9CD2E60E-E114-4499-822D-0C85101C20E1}.Debug|x64.Build.0 = Debug|x64
		{9CD2E60E-E114-4499-822D-0C85101C20E1}.Debug|x86.ActiveCfg = Debug|Win32
		{9CD2E60E-E114-4499-822D-0C85101C20E1}.Debug|x86.Build.0 = Debug|Win32
		{9CD2E60E-E114-4499-822D-0C85101C20E1}.Release|x64.ActiveCfg = Release|x64
		{9CD2E60E-E114-4499-822D-0C85101C20E1}.Release|x64.Build.0 = Release|x64
		{9CD2E60E-E114-4499-822D-0C85101C20E1}.Release|x86.ActiveCfg = Release|Win32
		{9CD2E60E-E114-4499-822D-0C85101C20E1}.Release|x86.Build.0 = Release|Win32
		{0CAD873B-43B7-45DC-887E-2CC59EB35429}.Debug|x64.ActiveCfg = Debug|x64
		{0CAD873B-43B7-45DC-887E-2CC59EB35429}.Debug|x64.Build.0 = Debug|x64
		{0CAD873B-43B7-45DC-887E-2CC59EB35429}.Debug|x86.ActiveCfg = Debug|Win32
		{0CAD873B-43B7-45DC-887E-2CC59EB35429}.Debug|x86.Build.0 = Debug|Win32
		{0CAD873B-43B7-45DC-887E-2CC59EB35429}.Release|x64.ActiveCfg = Release|x64
		{0CAD873B-43B7-45DC-887E-2CC59EB35429}.Release|x64.Build.0 = Release|x64
		{0CAD873B-43B7-45DC-887E-2CC59EB35429}.Release|x86.ActiveCfg = Release|Win32
		{0CAD873B-43B7-45DC-887E-2CC59EB35429}.Release|x86.Build.0 = Release|Win32
		{086B0FB7-96D8-4C13-901E-E3AD2F1AB212}.Debug|x64.ActiveCfg = Debug|x64
		{086B0FB7-96D8-4C13-901E-E3AD2F1AB212}.Debug|x64.Build.0 = Debug|x64
		{086B0FB7-96D8-4C13-901E-E3AD2F1AB212}.Debug|x86.ActiveCfg = Debug|Win32
		{086B0FB7-96D8-4C13-901E-E3AD2F1AB212}.Debug|x86.Build.0 = Debug|Win32
		{086B0FB7-96D8-4C13-901E-E3AD2F1AB212}.Release|x64.ActiveCfg = Release|x64
		{086B0FB7-96D8-4C13-901E-E3AD2F1AB212}.Release|x64.Build.0 = Release|x64
		{086B0FB7-96D8-4C13-901E-E3AD2F1AB212}.Release|x86.ActiveCfg = Release|Win32
		{086B0FB7-96D8-4C13-901E-E3AD2F1AB212}.Release|x86.Build.0 = Release|Win32
		{8A553A88-A0D0-4789-93A4-C603D99BA14D}.Debug|x64.ActiveCfg = Debug|x64
		{8A553A88-A0D0-4789-93A4-C603D99BA14D}.Debug|x64.Build.0 = Debug|x64
		{8A553A88-A0D0-4789-93A4-C603D99BA14D}.Debug|x86.ActiveCfg = Debug|Win32
		{8A553A88-A0D0-4789-93A4-C603D99BA14D}.Debug|x86.Build.0 = Debug|Win32
		{8A553A88-A0D0-4789-93A4-C603D99BA14D}.Release|x64.ActiveCfg = Release|x64
		{8A553A88-A0D0-4789-93A4-C603D99BA14D}.Release|x64.Build.0 = Release|x64
		{8A553A88-A0D0-4789-93A4-C603D99BA14D}.Release|x86.ActiveCfg = Release|Win32
		{8A553A88-A0D0-4789-93A4-C603D99BA14D}.Release|x86.Build.0 = Release|Win32
	EndGlobalSection
	GlobalSection(SolutionProperties) = preSolution
		HideSolutionNode = FALSE
	EndGlobalSection
	GlobalSection(ExtensibilityGlobals) = postSolution
		SolutionGuid = {9B08D8F0-A7D7-4084-9659-7EF5969614AF}
	EndGlobalSection
EndGlobal
